
Microsoft Visual Studio Solution File, Format Version 12.00
# Visual Studio Version 17
VisualStudioVersion = 17.11.35327.3
MinimumVisualStudioVersion = 10.0.40219.1
Project("{FAE04EC0-301F-11D3-BF4B-00C04F79EFBC}") = "fin-beat-tech", "fin-beat-tech\fin-beat-tech.csproj", "{95231FE1-7580-47C4-91F5-C003E79BCB8C}"
EndProject
Global
	GlobalSection(SolutionConfigurationPlatforms) = preSolution
		Debug|Any CPU = Debug|Any CPU
		Release|Any CPU = Release|Any CPU
	EndGlobalSection
	GlobalSection(ProjectConfigurationPlatforms) = postSolution
		{95231FE1-7580-47C4-91F5-C003E79BCB8C}.Debug|Any CPU.ActiveCfg = Debug|Any CPU
		{95231FE1-7580-47C4-91F5-C003E79BCB8C}.Debug|Any CPU.Build.0 = Debug|Any CPU
		{95231FE1-7580-47C4-91F5-C003E79BCB8C}.Release|Any CPU.ActiveCfg = Release|Any CPU
		{95231FE1-7580-47C4-91F5-C003E79BCB8C}.Release|Any CPU.Build.0 = Release|Any CPU
	EndGlobalSection
	GlobalSection(SolutionProperties) = preSolution
		HideSolutionNode = FALSE
	EndGlobalSection
	GlobalSection(ExtensibilityGlobals) = postSolution
		SolutionGuid = {A0EE889E-BBB7-4E00-9C01-A17B01ECB0F1}
	EndGlobalSection
EndGlobal
